{
  "requires": true,
  "lockfileVersion": 1,
  "dependencies": {
    "vuejs-dialog": {
      "version": "1.4.2",
      "resolved": "https://registry.npmjs.org/vuejs-dialog/-/vuejs-dialog-1.4.2.tgz",
      "integrity": "sha512-6kRse144WXDFBMKdeuqE43rHy0ZJ81uLOFh62r2d80ICKavQYHIvr+GlTFmoR23190lC4f2w+ZJ8cS4ljkCDMw=="
    }
  }
}
